
Microsoft Visual Studio Solution File, Format Version 12.00
# Visual Studio Version 17
VisualStudioVersion = 17.7.34009.444
MinimumVisualStudioVersion = 10.0.40219.1
Project("{C9674DCB-5085-4A16-B785-4C70DD1589BD}") = "Real_Estate_Incremental_Package", "Real_Estate_Incremental_Package\Real_Estate_Incremental_Package.dtproj", "{D3C28ABA-B20F-40CB-AB91-18D393767370}"
EndProject
Global
	GlobalSection(SolutionConfigurationPlatforms) = preSolution
		Development|Default = Development|Default
	EndGlobalSection
	GlobalSection(ProjectConfigurationPlatforms) = postSolution
		{D3C28ABA-B20F-40CB-AB91-18D393767370}.Development|Default.ActiveCfg = Development
		{D3C28ABA-B20F-40CB-AB91-18D393767370}.Development|Default.Build.0 = Development
	EndGlobalSection
	GlobalSection(SolutionProperties) = preSolution
		HideSolutionNode = FALSE
	EndGlobalSection
	GlobalSection(ExtensibilityGlobals) = postSolution
		SolutionGuid = {17FA10F3-A9DE-4F8F-B9D0-2EF04CD38AE1}
	EndGlobalSection
EndGlobal
